
Microsoft Visual Studio Solution File, Format Version 12.00
# Visual Studio Version 16
VisualStudioVersion = 16.0.29609.76
MinimumVisualStudioVersion = 10.0.40219.1
Project("{FAE04EC0-301F-11D3-BF4B-00C04F79EFBC}") = "FoldersWatcher", "FoldersWatcher\FoldersWatcher.csproj", "{FDFBC5A5-1546-4A34-988B-C3CE217DCF6E}"
EndProject
Global
	GlobalSection(SolutionConfigurationPlatforms) = preSolution
		Debug|Any CPU = Debug|Any CPU
		Release|Any CPU = Release|Any CPU
	EndGlobalSection
	GlobalSection(ProjectConfigurationPlatforms) = postSolution
		{FDFBC5A5-1546-4A34-988B-C3CE217DCF6E}.Debug|Any CPU.ActiveCfg = Debug|Any CPU
		{FDFBC5A5-1546-4A34-988B-C3CE217DCF6E}.Debug|Any CPU.Build.0 = Debug|Any CPU
		{FDFBC5A5-1546-4A34-988B-C3CE217DCF6E}.Release|Any CPU.ActiveCfg = Release|Any CPU
		{FDFBC5A5-1546-4A34-988B-C3CE217DCF6E}.Release|Any CPU.Build.0 = Release|Any CPU
	EndGlobalSection
	GlobalSection(SolutionProperties) = preSolution
		HideSolutionNode = FALSE
	EndGlobalSection
	GlobalSection(ExtensibilityGlobals) = postSolution
		SolutionGuid = {284F9616-05A2-4EAF-B9F1-8CB6F6D7FEE6}
	EndGlobalSection
EndGlobal
